
Microsoft Visual Studio Solution File, Format Version 12.00
# Visual Studio 15
VisualStudioVersion = 15.0.28307.902
MinimumVisualStudioVersion = 10.0.40219.1
Project("{FAE04EC0-301F-11D3-BF4B-00C04F79EFBC}") = "SingleSignOn_With_WsFederation", "SingleSignOn_With_WsFederation\SingleSignOn_With_WsFederation.csproj", "{0140D97D-ED33-49FB-A780-B5DCE34AC26C}"
EndProject
Global
	GlobalSection(SolutionConfigurationPlatforms) = preSolution
		Debug|Any CPU = Debug|Any CPU
		Release|Any CPU = Release|Any CPU
	EndGlobalSection
	GlobalSection(ProjectConfigurationPlatforms) = postSolution
		{0140D97D-ED33-49FB-A780-B5DCE34AC26C}.Debug|Any CPU.ActiveCfg = Debug|Any CPU
		{0140D97D-ED33-49FB-A780-B5DCE34AC26C}.Debug|Any CPU.Build.0 = Debug|Any CPU
		{0140D97D-ED33-49FB-A780-B5DCE34AC26C}.Release|Any CPU.ActiveCfg = Release|Any CPU
		{0140D97D-ED33-49FB-A780-B5DCE34AC26C}.Release|Any CPU.Build.0 = Release|Any CPU
	EndGlobalSection
	GlobalSection(SolutionProperties) = preSolution
		HideSolutionNode = FALSE
	EndGlobalSection
	GlobalSection(ExtensibilityGlobals) = postSolution
		SolutionGuid = {87CF1D83-AD96-44D5-B161-86821E0957DE}
	EndGlobalSection
EndGlobal
